
Microsoft Visual Studio Solution File, Format Version 12.00
# Visual Studio 15
VisualStudioVersion = 15.0.28307.1972
MinimumVisualStudioVersion = 10.0.40219.1
Project("{FAE04EC0-301F-11D3-BF4B-00C04F79EFBC}") = "AlbumOnline_HJMB", "AlbumOnline_HJMB\AlbumOnline_HJMB.csproj", "{D0D0B069-DDE4-447C-9668-83FF82B29859}"
EndProject
Global
	GlobalSection(SolutionConfigurationPlatforms) = preSolution
		Debug|Any CPU = Debug|Any CPU
		Release|Any CPU = Release|Any CPU
	EndGlobalSection
	GlobalSection(ProjectConfigurationPlatforms) = postSolution
		{D0D0B069-DDE4-447C-9668-83FF82B29859}.Debug|Any CPU.ActiveCfg = Debug|Any CPU
		{D0D0B069-DDE4-447C-9668-83FF82B29859}.Debug|Any CPU.Build.0 = Debug|Any CPU
		{D0D0B069-DDE4-447C-9668-83FF82B29859}.Release|Any CPU.ActiveCfg = Release|Any CPU
		{D0D0B069-DDE4-447C-9668-83FF82B29859}.Release|Any CPU.Build.0 = Release|Any CPU
	EndGlobalSection
	GlobalSection(SolutionProperties) = preSolution
		HideSolutionNode = FALSE
	EndGlobalSection
	GlobalSection(ExtensibilityGlobals) = postSolution
		SolutionGuid = {35019990-C8F6-43AF-AB0F-BE0B52FCAD96}
	EndGlobalSection
EndGlobal
